
Microsoft Visual Studio Solution File, Format Version 12.00
# Visual Studio Version 16
VisualStudioVersion = 16.0.30523.141
MinimumVisualStudioVersion = 10.0.40219.1
Project("{FAE04EC0-301F-11D3-BF4B-00C04F79EFBC}") = "Victor_WebStore", "Victor_WebStore\Victor_WebStore.csproj", "{0D2D00E2-DA1D-4106-A3AC-520B9633937B}"
EndProject
Global
	GlobalSection(SolutionConfigurationPlatforms) = preSolution
		Debug|Any CPU = Debug|Any CPU
		Release|Any CPU = Release|Any CPU
	EndGlobalSection
	GlobalSection(ProjectConfigurationPlatforms) = postSolution
		{0D2D00E2-DA1D-4106-A3AC-520B9633937B}.Debug|Any CPU.ActiveCfg = Debug|Any CPU
		{0D2D00E2-DA1D-4106-A3AC-520B9633937B}.Debug|Any CPU.Build.0 = Debug|Any CPU
		{0D2D00E2-DA1D-4106-A3AC-520B9633937B}.Release|Any CPU.ActiveCfg = Release|Any CPU
		{0D2D00E2-DA1D-4106-A3AC-520B9633937B}.Release|Any CPU.Build.0 = Release|Any CPU
	EndGlobalSection
	GlobalSection(SolutionProperties) = preSolution
		HideSolutionNode = FALSE
	EndGlobalSection
	GlobalSection(ExtensibilityGlobals) = postSolution
		SolutionGuid = {E8587C52-06AC-44D0-8603-9E8E2B83528F}
	EndGlobalSection
EndGlobal
